
Microsoft Visual Studio Solution File, Format Version 12.00
# Visual Studio 2013
Project("{FAE04EC0-301F-11D3-BF4B-00C04F79EFBC}") = "GPD414_AP_VincentBendigs_BarracksSimulatorPrototyp.CSharp", "GPD414_AP_VincentBendigs_BarracksSimulatorPrototyp.CSharp.csproj", "{ECBC3515-E1D4-E376-9009-0E5A81EC9B0A}"
EndProject
Project("{FAE04EC0-301F-11D3-BF4B-00C04F79EFBC}") = "GPD414_AP_VincentBendigs_BarracksSimulatorPrototyp.CSharp.Editor", "GPD414_AP_VincentBendigs_BarracksSimulatorPrototyp.CSharp.Editor.csproj", "{F946301D-FC7E-989B-5F2E-77C98CA476D2}"
EndProject
Global
	GlobalSection(SolutionConfigurationPlatforms) = preSolution
		Debug|Any CPU = Debug|Any CPU
		Release|Any CPU = Release|Any CPU
	EndGlobalSection
	GlobalSection(ProjectConfigurationPlatforms) = postSolution
		{ECBC3515-E1D4-E376-9009-0E5A81EC9B0A}.Debug|Any CPU.ActiveCfg = Debug|Any CPU
		{ECBC3515-E1D4-E376-9009-0E5A81EC9B0A}.Debug|Any CPU.Build.0 = Debug|Any CPU
		{ECBC3515-E1D4-E376-9009-0E5A81EC9B0A}.Release|Any CPU.ActiveCfg = Release|Any CPU
		{ECBC3515-E1D4-E376-9009-0E5A81EC9B0A}.Release|Any CPU.Build.0 = Release|Any CPU
		{F946301D-FC7E-989B-5F2E-77C98CA476D2}.Debug|Any CPU.ActiveCfg = Debug|Any CPU
		{F946301D-FC7E-989B-5F2E-77C98CA476D2}.Debug|Any CPU.Build.0 = Debug|Any CPU
		{F946301D-FC7E-989B-5F2E-77C98CA476D2}.Release|Any CPU.ActiveCfg = Release|Any CPU
		{F946301D-FC7E-989B-5F2E-77C98CA476D2}.Release|Any CPU.Build.0 = Release|Any CPU
	EndGlobalSection
	GlobalSection(SolutionProperties) = preSolution
		HideSolutionNode = FALSE
	EndGlobalSection
EndGlobal
